// !$*UTF8*$!
{
	archiveVersion = 1;
	classes = {
	};
	objectVersion = 46;
	objects = {

/* Begin PBXBuildFile section */
		D82FDFAD1BA06F0500004418 /* AppDelegate.swift in Sources */ = {isa = PBXBuildFile; fileRef = D82FDFAC1BA06F0500004418 /* AppDelegate.swift */; };
		D82FDFB21BA06F0500004418 /* Main.storyboard in Resources */ = {isa = PBXBuildFile; fileRef = D82FDFB01BA06F0500004418 /* Main.storyboard */; };
		D82FDFB41BA06F0500004418 /* Images.xcassets in Resources */ = {isa = PBXBuildFile; fileRef = D82FDFB31BA06F0500004418 /* Images.xcassets */; };
		D82FDFB71BA06F0500004418 /* LaunchScreen.xib in Resources */ = {isa = PBXBuildFile; fileRef = D82FDFB51BA06F0500004418 /* LaunchScreen.xib */; };
		D82FDFC31BA06F0500004418 /* GoogleLoadingTests.swift in Sources */ = {isa = PBXBuildFile; fileRef = D82FDFC21BA06F0500004418 /* GoogleLoadingTests.swift */; };
		D82FDFCD1BA0704400004418 /* CGRect+EX.swift in Sources */ = {isa = PBXBuildFile; fileRef = D82FDFCC1BA0704400004418 /* CGRect+EX.swift */; };
		D82FDFCF1BA0734500004418 /* RootViewController.swift in Sources */ = {isa = PBXBuildFile; fileRef = D82FDFCE1BA0734500004418 /* RootViewController.swift */; };
		D82FDFD11BA0747B00004418 /* LoadingAnimationVC.swift in Sources */ = {isa = PBXBuildFile; fileRef = D82FDFD01BA0747B00004418 /* LoadingAnimationVC.swift */; };
		D82FDFD31BA0758E00004418 /* LoadingViewController.swift in Sources */ = {isa = PBXBuildFile; fileRef = D82FDFD21BA0758E00004418 /* LoadingViewController.swift */; };
		D82FDFD51BA07CE000004418 /* MusicAnimationVC.swift in Sources */ = {isa = PBXBuildFile; fileRef = D82FDFD41BA07CE000004418 /* MusicAnimationVC.swift */; };
/* End PBXBuildFile section */

/* Begin PBXContainerItemProxy section */
		D82FDFBD1BA06F0500004418 /* PBXContainerItemProxy */ = {
			isa = PBXContainerItemProxy;
			containerPortal = D82FDF9F1BA06F0500004418 /* Project object */;
			proxyType = 1;
			remoteGlobalIDString = D82FDFA61BA06F0500004418;
			remoteInfo = GoogleLoading;
		};
/* End PBXContainerItemProxy section */

/* Begin PBXFileReference section */
		D82FDFA71BA06F0500004418 /* GoogleLoading.app */ = {isa = PBXFileReference; explicitFileType = wrapper.application; includeInIndex = 0; path = GoogleLoading.app; sourceTree = BUILT_PRODUCTS_DIR; };
		D82FDFAB1BA06F0500004418 /* Info.plist */ = {isa = PBXFileReference; lastKnownFileType = text.plist.xml; path = Info.plist; sourceTree = "<group>"; };
		D82FDFAC1BA06F0500004418 /* AppDelegate.swift */ = {isa = PBXFileReference; lastKnownFileType = sourcecode.swift; path = AppDelegate.swift; sourceTree = "<group>"; };
		D82FDFB11BA06F0500004418 /* Base */ = {isa = PBXFileReference; lastKnownFileType = file.storyboard; name = Base; path = Base.lproj/Main.storyboard; sourceTree = "<group>"; };
		D82FDFB31BA06F0500004418 /* Images.xcassets */ = {isa = PBXFileReference; lastKnownFileType = folder.assetcatalog; path = Images.xcassets; sourceTree = "<group>"; };
		D82FDFB61BA06F0500004418 /* Base */ = {isa = PBXFileReference; lastKnownFileType = file.xib; name = Base; path = Base.lproj/LaunchScreen.xib; sourceTree = "<group>"; };
		D82FDFBC1BA06F0500004418 /* GoogleLoadingTests.xctest */ = {isa = PBXFileReference; explicitFileType = wrapper.cfbundle; includeInIndex = 0; path = GoogleLoadingTests.xctest; sourceTree = BUILT_PRODUCTS_DIR; };
		D82FDFC11BA06F0500004418 /* Info.plist */ = {isa = PBXFileReference; lastKnownFileType = text.plist.xml; path = Info.plist; sourceTree = "<group>"; };
		D82FDFC21BA06F0500004418 /* GoogleLoadingTests.swift */ = {isa = PBXFileReference; lastKnownFileType = sourcecode.swift; path = GoogleLoadingTests.swift; sourceTree = "<group>"; };
		D82FDFCC1BA0704400004418 /* CGRect+EX.swift */ = {isa = PBXFileReference; fileEncoding = 4; lastKnownFileType = sourcecode.swift; path = "CGRect+EX.swift"; sourceTree = "<group>"; };
		D82FDFCE1BA0734500004418 /* RootViewController.swift */ = {isa = PBXFileReference; fileEncoding = 4; lastKnownFileType = sourcecode.swift; path = RootViewController.swift; sourceTree = "<group>"; };
		D82FDFD01BA0747B00004418 /* LoadingAnimationVC.swift */ = {isa = PBXFileReference; fileEncoding = 4; lastKnownFileType = sourcecode.swift; path = LoadingAnimationVC.swift; sourceTree = "<group>"; };
		D82FDFD21BA0758E00004418 /* LoadingViewController.swift */ = {isa = PBXFileReference; fileEncoding = 4; lastKnownFileType = sourcecode.swift; path = LoadingViewController.swift; sourceTree = "<group>"; };
		D82FDFD41BA07CE000004418 /* MusicAnimationVC.swift */ = {isa = PBXFileReference; fileEncoding = 4; lastKnownFileType = sourcecode.swift; path = MusicAnimationVC.swift; sourceTree = "<group>"; };
/* End PBXFileReference section */

/* Begin PBXFrameworksBuildPhase section */
		D82FDFA41BA06F0500004418 /* Frameworks */ = {
			isa = PBXFrameworksBuildPhase;
			buildActionMask = 2147483647;
			files = (
			);
			runOnlyForDeploymentPostprocessing = 0;
		};
		D82FDFB91BA06F0500004418 /* Frameworks */ = {
			isa = PBXFrameworksBuildPhase;
			buildActionMask = 2147483647;
			files = (
			);
			runOnlyForDeploymentPostprocessing = 0;
		};
/* End PBXFrameworksBuildPhase section */

/* Begin PBXGroup section */
		D82FDF9E1BA06F0500004418 = {
			isa = PBXGroup;
			children = (
				D82FDFA91BA06F0500004418 /* GoogleLoading */,
				D82FDFBF1BA06F0500004418 /* GoogleLoadingTests */,
				D82FDFA81BA06F0500004418 /* Products */,
			);
			sourceTree = "<group>";
		};
		D82FDFA81BA06F0500004418 /* Products */ = {
			isa = PBXGroup;
			children = (
				D82FDFA71BA06F0500004418 /* GoogleLoading.app */,
				D82FDFBC1BA06F0500004418 /* GoogleLoadingTests.xctest */,
			);
			name = Products;
			sourceTree = "<group>";
		};
		D82FDFA91BA06F0500004418 /* GoogleLoading */ = {
			isa = PBXGroup;
			children = (
				D82FDFAC1BA06F0500004418 /* AppDelegate.swift */,
				D82FDFD21BA0758E00004418 /* LoadingViewController.swift */,
				D82FDFD01BA0747B00004418 /* LoadingAnimationVC.swift */,
				D82FDFD41BA07CE000004418 /* MusicAnimationVC.swift */,
				D82FDFCC1BA0704400004418 /* CGRect+EX.swift */,
				D82FDFB01BA06F0500004418 /* Main.storyboard */,
				D82FDFCE1BA0734500004418 /* RootViewController.swift */,
				D82FDFB31BA06F0500004418 /* Images.xcassets */,
				D82FDFB51BA06F0500004418 /* LaunchScreen.xib */,
				D82FDFAA1BA06F0500004418 /* Supporting Files */,
			);
			path = GoogleLoading;
			sourceTree = "<group>";
		};
		D82FDFAA1BA06F0500004418 /* Supporting Files */ = {
			isa = PBXGroup;
			children = (
				D82FDFAB1BA06F0500004418 /* Info.plist */,
			);
			name = "Supporting Files";
			sourceTree = "<group>";
		};
		D82FDFBF1BA06F0500004418 /* GoogleLoadingTests */ = {
			isa = PBXGroup;
			children = (
				D82FDFC21BA06F0500004418 /* GoogleLoadingTests.swift */,
				D82FDFC01BA06F0500004418 /* Supporting Files */,
			);
			path = GoogleLoadingTests;
			sourceTree = "<group>";
		};
		D82FDFC01BA06F0500004418 /* Supporting Files */ = {
			isa = PBXGroup;
			children = (
				D82FDFC11BA06F0500004418 /* Info.plist */,
			);
			name = "Supporting Files";
			sourceTree = "<group>";
		};
/* End PBXGroup section */

/* Begin PBXNativeTarget section */
		D82FDFA61BA06F0500004418 /* GoogleLoading */ = {
			isa = PBXNativeTarget;
			buildConfigurationList = D82FDFC61BA06F0500004418 /* Build configuration list for PBXNativeTarget "GoogleLoading" */;
			buildPhases = (
				D82FDFA31BA06F0500004418 /* Sources */,
				D82FDFA41BA06F0500004418 /* Frameworks */,
				D82FDFA51BA06F0500004418 /* Resources */,
			);
			buildRules = (
			);
			dependencies = (
			);
			name = GoogleLoading;
			productName = GoogleLoading;
			productReference = D82FDFA71BA06F0500004418 /* GoogleLoading.app */;
			productType = "com.apple.product-type.application";
		};
		D82FDFBB1BA06F0500004418 /* GoogleLoadingTests */ = {
			isa = PBXNativeTarget;
			buildConfigurationList = D82FDFC91BA06F0500004418 /* Build configuration list for PBXNativeTarget "GoogleLoadingTests" */;
			buildPhases = (
				D82FDFB81BA06F0500004418 /* Sources */,
				D82FDFB91BA06F0500004418 /* Frameworks */,
				D82FDFBA1BA06F0500004418 /* Resources */,
			);
			buildRules = (
			);
			dependencies = (
				D82FDFBE1BA06F0500004418 /* PBXTargetDependency */,
			);
			name = GoogleLoadingTests;
			productName = GoogleLoadingTests;
			productReference = D82FDFBC1BA06F0500004418 /* GoogleLoadingTests.xctest */;
			productType = "com.apple.product-type.bundle.unit-test";
		};
/* End PBXNativeTarget section */

/* Begin PBXProject section */
		D82FDF9F1BA06F0500004418 /* Project object */ = {
			isa = PBXProject;
			attributes = {
				LastUpgradeCheck = 0640;
				ORGANIZATIONNAME = YoungKook;
				TargetAttributes = {
					D82FDFA61BA06F0500004418 = {
						CreatedOnToolsVersion = 6.4;
					};
					D82FDFBB1BA06F0500004418 = {
						CreatedOnToolsVersion = 6.4;
						TestTargetID = D82FDFA61BA06F0500004418;
					};
				};
			};
			buildConfigurationList = D82FDFA21BA06F0500004418 /* Build configuration list for PBXProject "GoogleLoading" */;
			compatibilityVersion = "Xcode 3.2";
			developmentRegion = English;
			hasScannedForEncodings = 0;
			knownRegions = (
				en,
				Base,
			);
			mainGroup = D82FDF9E1BA06F0500004418;
			productRefGroup = D82FDFA81BA06F0500004418 /* Products */;
			projectDirPath = "";
			projectRoot = "";
			targets = (
				D82FDFA61BA06F0500004418 /* GoogleLoading */,
				D82FDFBB1BA06F0500004418 /* GoogleLoadingTests */,
			);
		};
/* End PBXProject section */

/* Begin PBXResourcesBuildPhase section */
		D82FDFA51BA06F0500004418 /* Resources */ = {
			isa = PBXResourcesBuildPhase;
			buildActionMask = 2147483647;
			files = (
				D82FDFB21BA06F0500004418 /* Main.storyboard in Resources */,
				D82FDFB71BA06F0500004418 /* LaunchScreen.xib in Resources */,
				D82FDFB41BA06F0500004418 /* Images.xcassets in Resources */,
			);
			runOnlyForDeploymentPostprocessing = 0;
		};
		D82FDFBA1BA06F0500004418 /* Resources */ = {
			isa = PBXResourcesBuildPhase;
			buildActionMask = 2147483647;
			files = (
			);
			runOnlyForDeploymentPostprocessing = 0;
		};
/* End PBXResourcesBuildPhase section */

/* Begin PBXSourcesBuildPhase section */
		D82FDFA31BA06F0500004418 /* Sources */ = {
			isa = PBXSourcesBuildPhase;
			buildActionMask = 2147483647;
			files = (
				D82FDFD11BA0747B00004418 /* LoadingAnimationVC.swift in Sources */,
				D82FDFAD1BA06F0500004418 /* AppDelegate.swift in Sources */,
				D82FDFD31BA0758E00004418 /* LoadingViewController.swift in Sources */,
				D82FDFCF1BA0734500004418 /* RootViewController.swift in Sources */,
				D82FDFCD1BA0704400004418 /* CGRect+EX.swift in Sources */,
				D82FDFD51BA07CE000004418 /* MusicAnimationVC.swift in Sources */,
			);
			runOnlyForDeploymentPostprocessing = 0;
		};
		D82FDFB81BA06F0500004418 /* Sources */ = {
			isa = PBXSourcesBuildPhase;
			buildActionMask = 2147483647;
			files = (
				D82FDFC31BA06F0500004418 /* GoogleLoadingTests.swift in Sources */,
			);
			runOnlyForDeploymentPostprocessing = 0;
		};
/* End PBXSourcesBuildPhase section */

/* Begin PBXTargetDependency section */
		D82FDFBE1BA06F0500004418 /* PBXTargetDependency */ = {
			isa = PBXTargetDependency;
			target = D82FDFA61BA06F0500004418 /* GoogleLoading */;
			targetProxy = D82FDFBD1BA06F0500004418 /* PBXContainerItemProxy */;
		};
/* End PBXTargetDependency section */

/* Begin PBXVariantGroup section */
		D82FDFB01BA06F0500004418 /* Main.storyboard */ = {
			isa = PBXVariantGroup;
			children = (
				D82FDFB11BA06F0500004418 /* Base */,
			);
			name = Main.storyboard;
			sourceTree = "<group>";
		};
		D82FDFB51BA06F0500004418 /* LaunchScreen.xib */ = {
			isa = PBXVariantGroup;
			children = (
				D82FDFB61BA06F0500004418 /* Base */,
			);
			name = LaunchScreen.xib;
			sourceTree = "<group>";
		};
/* End PBXVariantGroup section */

/* Begin XCBuildConfiguration section */
		D82FDFC41BA06F0500004418 /* Debug */ = {
			isa = XCBuildConfiguration;
			buildSettings = {
				ALWAYS_SEARCH_USER_PATHS = NO;
				CLANG_CXX_LANGUAGE_STANDARD = "gnu++0x";
				CLANG_CXX_LIBRARY = "libc++";
				CLANG_ENABLE_MODULES = YES;
				CLANG_ENABLE_OBJC_ARC = YES;
				CLANG_WARN_BOOL_CONVERSION = YES;
				CLANG_WARN_CONSTANT_CONVERSION = YES;
				CLANG_WARN_DIRECT_OBJC_ISA_USAGE = YES_ERROR;
				CLANG_WARN_EMPTY_BODY = YES;
				CLANG_WARN_ENUM_CONVERSION = YES;
				CLANG_WARN_INT_CONVERSION = YES;
				CLANG_WARN_OBJC_ROOT_CLASS = YES_ERROR;
				CLANG_WARN_UNREACHABLE_CODE = YES;
				CLANG_WARN__DUPLICATE_METHOD_MATCH = YES;
				"CODE_SIGN_IDENTITY[sdk=iphoneos*]" = "iPhone Developer";
				COPY_PHASE_STRIP = NO;
				DEBUG_INFORMATION_FORMAT = "dwarf-with-dsym";
				ENABLE_STRICT_OBJC_MSGSEND = YES;
				GCC_C_LANGUAGE_STANDARD = gnu99;
				GCC_DYNAMIC_NO_PIC = NO;
				GCC_NO_COMMON_BLOCKS = YES;
				GCC_OPTIMIZATION_LEVEL = 0;
				GCC_PREPROCESSOR_DEFINITIONS = (
					"DEBUG=1",
					"$(inherited)",
				);
				GCC_SYMBOLS_PRIVATE_EXTERN = NO;
				GCC_WARN_64_TO_32_BIT_CONVERSION = YES;
				GCC_WARN_ABOUT_RETURN_TYPE = YES_ERROR;
				GCC_WARN_UNDECLARED_SELECTOR = YES;
				GCC_WARN_UNINITIALIZED_AUTOS = YES_AGGRESSIVE;
				GCC_WARN_UNUSED_FUNCTION = YES;
				GCC_WARN_UNUSED_VARIABLE = YES;
				IPHONEOS_DEPLOYMENT_TARGET = 8.4;
				MTL_ENABLE_DEBUG_INFO = YES;
				ONLY_ACTIVE_ARCH = YES;
				SDKROOT = iphoneos;
				SWIFT_OPTIMIZATION_LEVEL = "-Onone";
			};
			name = Debug;
		};
		D82FDFC51BA06F0500004418 /* Release */ = {
			isa = XCBuildConfiguration;
			buildSettings = {
				ALWAYS_SEARCH_USER_PATHS = NO;
				CLANG_CXX_LANGUAGE_STANDARD = "gnu++0x";
				CLANG_CXX_LIBRARY = "libc++";
				CLANG_ENABLE_MODULES = YES;
				CLANG_ENABLE_OBJC_ARC = YES;
				CLANG_WARN_BOOL_CONVERSION = YES;
				CLANG_WARN_CONSTANT_CONVERSION = YES;
				CLANG_WARN_DIRECT_OBJC_ISA_USAGE = YES_ERROR;
				CLANG_WARN_EMPTY_BODY = YES;
				CLANG_WARN_ENUM_CONVERSION = YES;
				CLANG_WARN_INT_CONVERSION = YES;
				CLANG_WARN_OBJC_ROOT_CLASS = YES_ERROR;
				CLANG_WARN_UNREACHABLE_CODE = YES;
				CLANG_WARN__DUPLICATE_METHOD_MATCH = YES;
				"CODE_SIGN_IDENTITY[sdk=iphoneos*]" = "iPhone Developer";
				COPY_PHASE_STRIP = NO;
				DEBUG_INFORMATION_FORMAT = "dwarf-with-dsym";
				ENABLE_NS_ASSERTIONS = NO;
				ENABLE_STRICT_OBJC_MSGSEND = YES;
				GCC_C_LANGUAGE_STANDARD = gnu99;
				GCC_NO_COMMON_BLOCKS = YES;
				GCC_WARN_64_TO_32_BIT_CONVERSION = YES;
				GCC_WARN_ABOUT_RETURN_TYPE = YES_ERROR;
				GCC_WARN_UNDECLARED_SELECTOR = YES;
				GCC_WARN_UNINITIALIZED_AUTOS = YES_AGGRESSIVE;
				GCC_WARN_UNUSED_FUNCTION = YES;
				GCC_WARN_UNUSED_VARIABLE = YES;
				IPHONEOS_DEPLOYMENT_TARGET = 8.4;
				MTL_ENABLE_DEBUG_INFO = NO;
				SDKROOT = iphoneos;
				VALIDATE_PRODUCT = YES;
			};
			name = Release;
		};
		D82FDFC71BA06F0500004418 /* Debug */ = {
			isa = XCBuildConfiguration;
			buildSettings = {
				ASSETCATALOG_COMPILER_APPICON_NAME = AppIcon;
				INFOPLIST_FILE = GoogleLoading/Info.plist;
				LD_RUNPATH_SEARCH_PATHS = "$(inherited) @executable_path/Frameworks";
				PRODUCT_NAME = "$(TARGET_NAME)";
			};
			name = Debug;
		};
		D82FDFC81BA06F0500004418 /* Release */ = {
			isa = XCBuildConfiguration;
			buildSettings = {
				ASSETCATALOG_COMPILER_APPICON_NAME = AppIcon;
				INFOPLIST_FILE = GoogleLoading/Info.plist;
				LD_RUNPATH_SEARCH_PATHS = "$(inherited) @executable_path/Frameworks";
				PRODUCT_NAME = "$(TARGET_NAME)";
			};
			name = Release;
		};
		D82FDFCA1BA06F0500004418 /* Debug */ = {
			isa = XCBuildConfiguration;
			buildSettings = {
				BUNDLE_LOADER = "$(TEST_HOST)";
				FRAMEWORK_SEARCH_PATHS = (
					"$(SDKROOT)/Developer/Library/Frameworks",
					"$(inherited)",
				);
				GCC_PREPROCESSOR_DEFINITIONS = (
					"DEBUG=1",
					"$(inherited)",
				);
				INFOPLIST_FILE = GoogleLoadingTests/Info.plist;
				LD_RUNPATH_SEARCH_PATHS = "$(inherited) @executable_path/Frameworks @loader_path/Frameworks";
				PRODUCT_NAME = "$(TARGET_NAME)";
				TEST_HOST = "$(BUILT_PRODUCTS_DIR)/GoogleLoading.app/GoogleLoading";
			};
			name = Debug;
		};
		D82FDFCB1BA06F0500004418 /* Release */ = {
			isa = XCBuildConfiguration;
			buildSettings = {
				BUNDLE_LOADER = "$(TEST_HOST)";
				FRAMEWORK_SEARCH_PATHS = (
					"$(SDKROOT)/Developer/Library/Frameworks",
					"$(inherited)",
				);
				INFOPLIST_FILE = GoogleLoadingTests/Info.plist;
				LD_RUNPATH_SEARCH_PATHS = "$(inherited) @executable_path/Frameworks @loader_path/Frameworks";
				PRODUCT_NAME = "$(TARGET_NAME)";
				TEST_HOST = "$(BUILT_PRODUCTS_DIR)/GoogleLoading.app/GoogleLoading";
			};
			name = Release;
		};
/* End XCBuildConfiguration section */

/* Begin XCConfigurationList section */
		D82FDFA21BA06F0500004418 /* Build configuration list for PBXProject "GoogleLoading" */ = {
			isa = XCConfigurationList;
			buildConfigurations = (
				D82FDFC41BA06F0500004418 /* Debug */,
				D82FDFC51BA06F0500004418 /* Release */,
			);
			defaultConfigurationIsVisible = 0;
			defaultConfigurationName = Release;
		};
		D82FDFC61BA06F0500004418 /* Build configuration list for PBXNativeTarget "GoogleLoading" */ = {
			isa = XCConfigurationList;
			buildConfigurations = (
				D82FDFC71BA06F0500004418 /* Debug */,
				D82FDFC81BA06F0500004418 /* Release */,
			);
			defaultConfigurationIsVisible = 0;
		};
		D82FDFC91BA06F0500004418 /* Build configuration list for PBXNativeTarget "GoogleLoadingTests" */ = {
			isa = XCConfigurationList;
			buildConfigurations = (
				D82FDFCA1BA06F0500004418 /* Debug */,
				D82FDFCB1BA06F0500004418 /* Release */,
			);
			defaultConfigurationIsVisible = 0;
		};
/* End XCConfigurationList section */
	};
	rootObject = D82FDF9F1BA06F0500004418 /* Project object */;
}
